
Microsoft Visual Studio Solution File, Format Version 12.00
# Visual Studio Version 16
VisualStudioVersion = 16.0.30413.136
MinimumVisualStudioVersion = 10.0.40219.1
Project("{9A19103F-16F7-4668-BE54-9A1E7A4F7556}") = "LSSDReportHelper", "LSSDReportHelper.csproj", "{51CE6B12-3B6C-48CF-B95F-401454CC0415}"
EndProject
Global
	GlobalSection(SolutionConfigurationPlatforms) = preSolution
		Debug|Any CPU = Debug|Any CPU
		Release|Any CPU = Release|Any CPU
	EndGlobalSection
	GlobalSection(ProjectConfigurationPlatforms) = postSolution
		{51CE6B12-3B6C-48CF-B95F-401454CC0415}.Debug|Any CPU.ActiveCfg = Debug|Any CPU
		{51CE6B12-3B6C-48CF-B95F-401454CC0415}.Debug|Any CPU.Build.0 = Debug|Any CPU
		{51CE6B12-3B6C-48CF-B95F-401454CC0415}.Release|Any CPU.ActiveCfg = Release|Any CPU
		{51CE6B12-3B6C-48CF-B95F-401454CC0415}.Release|Any CPU.Build.0 = Release|Any CPU
	EndGlobalSection
	GlobalSection(SolutionProperties) = preSolution
		HideSolutionNode = FALSE
	EndGlobalSection
	GlobalSection(ExtensibilityGlobals) = postSolution
		SolutionGuid = {47684491-4D05-4B1B-8347-54635CE7B1BD}
	EndGlobalSection
EndGlobal
